
Microsoft Visual Studio Solution File, Format Version 12.00
# Visual Studio Version 17
VisualStudioVersion = 17.0.31903.59
MinimumVisualStudioVersion = 10.0.40219.1
Project("{2150E333-8FDC-42A3-9474-1A3956D46DE8}") = "libs", "libs", "{7B743CC9-F08F-44C8-AD14-FD4ACE3A8583}"
EndProject
Project("{FAE04EC0-301F-11D3-BF4B-00C04F79EFBC}") = "Api", "libs\Api\Api.csproj", "{9E87C996-9991-4E03-B482-BD7F53CB730E}"
EndProject
Project("{FAE04EC0-301F-11D3-BF4B-00C04F79EFBC}") = "Application", "libs\Application\Application.csproj", "{DCA3944B-484B-4DCF-B400-82E7EDDCFEA6}"
EndProject
Project("{FAE04EC0-301F-11D3-BF4B-00C04F79EFBC}") = "Contracts", "libs\Contracts\Contracts.csproj", "{17CE5864-DF12-4F35-B4E2-26FEC5DAA366}"
EndProject
Project("{FAE04EC0-301F-11D3-BF4B-00C04F79EFBC}") = "Domain", "libs\Domain\Domain.csproj", "{5F4620B2-509C-4F0E-8F8E-003157CFB331}"
EndProject
Project("{FAE04EC0-301F-11D3-BF4B-00C04F79EFBC}") = "DynamicQuery", "libs\DynamicQuery\DynamicQuery.csproj", "{8A357E59-B329-4C0F-93E6-251BEB1939D6}"
EndProject
Project("{FAE04EC0-301F-11D3-BF4B-00C04F79EFBC}") = "FluentConfiguration", "libs\FluentConfiguration\FluentConfiguration.csproj", "{B9B002CC-3DC1-4C3A-84F6-CCD217DC230F}"
EndProject
Project("{FAE04EC0-301F-11D3-BF4B-00C04F79EFBC}") = "Infrastructure", "libs\Infrastructure\Infrastructure.csproj", "{000E8BA9-0A3D-4EA1-BAEE-44512B4EA82F}"
EndProject
Project("{FAE04EC0-301F-11D3-BF4B-00C04F79EFBC}") = "SharedKernel", "libs\SharedKernel\SharedKernel.csproj", "{3CC2CD3B-91CC-4033-8A5C-A82F3F8F006E}"
EndProject
Project("{FAE04EC0-301F-11D3-BF4B-00C04F79EFBC}") = "Specification", "libs\Specification\Specification.csproj", "{C57080EA-A9DF-40A7-A1B8-DF59A8C2743E}"
EndProject
Project("{2150E333-8FDC-42A3-9474-1A3956D46DE8}") = "src", "src", "{56330392-482D-4A0D-B576-22844A8CE1A4}"
EndProject
Project("{2150E333-8FDC-42A3-9474-1A3956D46DE8}") = "Identity", "Identity", "{9C53E452-DCFB-402D-95A2-EF3658AAE12B}"
EndProject
Project("{FAE04EC0-301F-11D3-BF4B-00C04F79EFBC}") = "IdentityDomain", "src\Identity\Domain\IdentityDomain.csproj", "{EF5E60E6-6A71-4848-93BF-5A5AA977FE54}"
EndProject
Project("{FAE04EC0-301F-11D3-BF4B-00C04F79EFBC}") = "IdentityApplication", "src\Identity\Application\IdentityApplication.csproj", "{D5FE4B83-A6A6-4F64-B6BE-626C9BDC7677}"
EndProject
Project("{FAE04EC0-301F-11D3-BF4B-00C04F79EFBC}") = "IdentityInfrastructure", "src\Identity\Infrastructure\IdentityInfrastructure.csproj", "{1BEAB416-2F74-44F6-9DF6-8F9E12BCE5B5}"
EndProject
Project("{FAE04EC0-301F-11D3-BF4B-00C04F79EFBC}") = "IdentityApi", "src\Identity\Api\IdentityApi.csproj", "{8BEB6962-9550-41E6-9B25-0D842D8AC6A5}"
EndProject
Global
	GlobalSection(SolutionConfigurationPlatforms) = preSolution
		Debug|Any CPU = Debug|Any CPU
		Release|Any CPU = Release|Any CPU
	EndGlobalSection
	GlobalSection(SolutionProperties) = preSolution
		HideSolutionNode = FALSE
	EndGlobalSection
	GlobalSection(ProjectConfigurationPlatforms) = postSolution
		{9E87C996-9991-4E03-B482-BD7F53CB730E}.Debug|Any CPU.ActiveCfg = Debug|Any CPU
		{9E87C996-9991-4E03-B482-BD7F53CB730E}.Debug|Any CPU.Build.0 = Debug|Any CPU
		{9E87C996-9991-4E03-B482-BD7F53CB730E}.Release|Any CPU.ActiveCfg = Release|Any CPU
		{9E87C996-9991-4E03-B482-BD7F53CB730E}.Release|Any CPU.Build.0 = Release|Any CPU
		{DCA3944B-484B-4DCF-B400-82E7EDDCFEA6}.Debug|Any CPU.ActiveCfg = Debug|Any CPU
		{DCA3944B-484B-4DCF-B400-82E7EDDCFEA6}.Debug|Any CPU.Build.0 = Debug|Any CPU
		{DCA3944B-484B-4DCF-B400-82E7EDDCFEA6}.Release|Any CPU.ActiveCfg = Release|Any CPU
		{DCA3944B-484B-4DCF-B400-82E7EDDCFEA6}.Release|Any CPU.Build.0 = Release|Any CPU
		{17CE5864-DF12-4F35-B4E2-26FEC5DAA366}.Debug|Any CPU.ActiveCfg = Debug|Any CPU
		{17CE5864-DF12-4F35-B4E2-26FEC5DAA366}.Debug|Any CPU.Build.0 = Debug|Any CPU
		{17CE5864-DF12-4F35-B4E2-26FEC5DAA366}.Release|Any CPU.ActiveCfg = Release|Any CPU
		{17CE5864-DF12-4F35-B4E2-26FEC5DAA366}.Release|Any CPU.Build.0 = Release|Any CPU
		{5F4620B2-509C-4F0E-8F8E-003157CFB331}.Debug|Any CPU.ActiveCfg = Debug|Any CPU
		{5F4620B2-509C-4F0E-8F8E-003157CFB331}.Debug|Any CPU.Build.0 = Debug|Any CPU
		{5F4620B2-509C-4F0E-8F8E-003157CFB331}.Release|Any CPU.ActiveCfg = Release|Any CPU
		{5F4620B2-509C-4F0E-8F8E-003157CFB331}.Release|Any CPU.Build.0 = Release|Any CPU
		{8A357E59-B329-4C0F-93E6-251BEB1939D6}.Debug|Any CPU.ActiveCfg = Debug|Any CPU
		{8A357E59-B329-4C0F-93E6-251BEB1939D6}.Debug|Any CPU.Build.0 = Debug|Any CPU
		{8A357E59-B329-4C0F-93E6-251BEB1939D6}.Release|Any CPU.ActiveCfg = Release|Any CPU
		{8A357E59-B329-4C0F-93E6-251BEB1939D6}.Release|Any CPU.Build.0 = Release|Any CPU
		{B9B002CC-3DC1-4C3A-84F6-CCD217DC230F}.Debug|Any CPU.ActiveCfg = Debug|Any CPU
		{B9B002CC-3DC1-4C3A-84F6-CCD217DC230F}.Debug|Any CPU.Build.0 = Debug|Any CPU
		{B9B002CC-3DC1-4C3A-84F6-CCD217DC230F}.Release|Any CPU.ActiveCfg = Release|Any CPU
		{B9B002CC-3DC1-4C3A-84F6-CCD217DC230F}.Release|Any CPU.Build.0 = Release|Any CPU
		{000E8BA9-0A3D-4EA1-BAEE-44512B4EA82F}.Debug|Any CPU.ActiveCfg = Debug|Any CPU
		{000E8BA9-0A3D-4EA1-BAEE-44512B4EA82F}.Debug|Any CPU.Build.0 = Debug|Any CPU
		{000E8BA9-0A3D-4EA1-BAEE-44512B4EA82F}.Release|Any CPU.ActiveCfg = Release|Any CPU
		{000E8BA9-0A3D-4EA1-BAEE-44512B4EA82F}.Release|Any CPU.Build.0 = Release|Any CPU
		{3CC2CD3B-91CC-4033-8A5C-A82F3F8F006E}.Debug|Any CPU.ActiveCfg = Debug|Any CPU
		{3CC2CD3B-91CC-4033-8A5C-A82F3F8F006E}.Debug|Any CPU.Build.0 = Debug|Any CPU
		{3CC2CD3B-91CC-4033-8A5C-A82F3F8F006E}.Release|Any CPU.ActiveCfg = Release|Any CPU
		{3CC2CD3B-91CC-4033-8A5C-A82F3F8F006E}.Release|Any CPU.Build.0 = Release|Any CPU
		{C57080EA-A9DF-40A7-A1B8-DF59A8C2743E}.Debug|Any CPU.ActiveCfg = Debug|Any CPU
		{C57080EA-A9DF-40A7-A1B8-DF59A8C2743E}.Debug|Any CPU.Build.0 = Debug|Any CPU
		{C57080EA-A9DF-40A7-A1B8-DF59A8C2743E}.Release|Any CPU.ActiveCfg = Release|Any CPU
		{C57080EA-A9DF-40A7-A1B8-DF59A8C2743E}.Release|Any CPU.Build.0 = Release|Any CPU
		{EF5E60E6-6A71-4848-93BF-5A5AA977FE54}.Debug|Any CPU.ActiveCfg = Debug|Any CPU
		{EF5E60E6-6A71-4848-93BF-5A5AA977FE54}.Debug|Any CPU.Build.0 = Debug|Any CPU
		{EF5E60E6-6A71-4848-93BF-5A5AA977FE54}.Release|Any CPU.ActiveCfg = Release|Any CPU
		{EF5E60E6-6A71-4848-93BF-5A5AA977FE54}.Release|Any CPU.Build.0 = Release|Any CPU
		{D5FE4B83-A6A6-4F64-B6BE-626C9BDC7677}.Debug|Any CPU.ActiveCfg = Debug|Any CPU
		{D5FE4B83-A6A6-4F64-B6BE-626C9BDC7677}.Debug|Any CPU.Build.0 = Debug|Any CPU
		{D5FE4B83-A6A6-4F64-B6BE-626C9BDC7677}.Release|Any CPU.ActiveCfg = Release|Any CPU
		{D5FE4B83-A6A6-4F64-B6BE-626C9BDC7677}.Release|Any CPU.Build.0 = Release|Any CPU
		{1BEAB416-2F74-44F6-9DF6-8F9E12BCE5B5}.Debug|Any CPU.ActiveCfg = Debug|Any CPU
		{1BEAB416-2F74-44F6-9DF6-8F9E12BCE5B5}.Debug|Any CPU.Build.0 = Debug|Any CPU
		{1BEAB416-2F74-44F6-9DF6-8F9E12BCE5B5}.Release|Any CPU.ActiveCfg = Release|Any CPU
		{1BEAB416-2F74-44F6-9DF6-8F9E12BCE5B5}.Release|Any CPU.Build.0 = Release|Any CPU
		{8BEB6962-9550-41E6-9B25-0D842D8AC6A5}.Debug|Any CPU.ActiveCfg = Debug|Any CPU
		{8BEB6962-9550-41E6-9B25-0D842D8AC6A5}.Debug|Any CPU.Build.0 = Debug|Any CPU
		{8BEB6962-9550-41E6-9B25-0D842D8AC6A5}.Release|Any CPU.ActiveCfg = Release|Any CPU
		{8BEB6962-9550-41E6-9B25-0D842D8AC6A5}.Release|Any CPU.Build.0 = Release|Any CPU
	EndGlobalSection
	GlobalSection(NestedProjects) = preSolution
		{9E87C996-9991-4E03-B482-BD7F53CB730E} = {7B743CC9-F08F-44C8-AD14-FD4ACE3A8583}
		{DCA3944B-484B-4DCF-B400-82E7EDDCFEA6} = {7B743CC9-F08F-44C8-AD14-FD4ACE3A8583}
		{17CE5864-DF12-4F35-B4E2-26FEC5DAA366} = {7B743CC9-F08F-44C8-AD14-FD4ACE3A8583}
		{5F4620B2-509C-4F0E-8F8E-003157CFB331} = {7B743CC9-F08F-44C8-AD14-FD4ACE3A8583}
		{8A357E59-B329-4C0F-93E6-251BEB1939D6} = {7B743CC9-F08F-44C8-AD14-FD4ACE3A8583}
		{B9B002CC-3DC1-4C3A-84F6-CCD217DC230F} = {7B743CC9-F08F-44C8-AD14-FD4ACE3A8583}
		{000E8BA9-0A3D-4EA1-BAEE-44512B4EA82F} = {7B743CC9-F08F-44C8-AD14-FD4ACE3A8583}
		{3CC2CD3B-91CC-4033-8A5C-A82F3F8F006E} = {7B743CC9-F08F-44C8-AD14-FD4ACE3A8583}
		{C57080EA-A9DF-40A7-A1B8-DF59A8C2743E} = {7B743CC9-F08F-44C8-AD14-FD4ACE3A8583}
		{9C53E452-DCFB-402D-95A2-EF3658AAE12B} = {56330392-482D-4A0D-B576-22844A8CE1A4}
		{EF5E60E6-6A71-4848-93BF-5A5AA977FE54} = {9C53E452-DCFB-402D-95A2-EF3658AAE12B}
		{D5FE4B83-A6A6-4F64-B6BE-626C9BDC7677} = {9C53E452-DCFB-402D-95A2-EF3658AAE12B}
		{1BEAB416-2F74-44F6-9DF6-8F9E12BCE5B5} = {9C53E452-DCFB-402D-95A2-EF3658AAE12B}
		{8BEB6962-9550-41E6-9B25-0D842D8AC6A5} = {9C53E452-DCFB-402D-95A2-EF3658AAE12B}
	EndGlobalSection
EndGlobal
